
Microsoft Visual Studio Solution File, Format Version 12.00
# Visual Studio Version 17
VisualStudioVersion = 17.6.33829.357
MinimumVisualStudioVersion = 10.0.40219.1
Project("{FAE04EC0-301F-11D3-BF4B-00C04F79EFBC}") = "06_常量", "06_常量\06_常量.csproj", "{B7A4B038-30A2-4E45-8ACB-397DBAB66906}"
EndProject
Global
	GlobalSection(SolutionConfigurationPlatforms) = preSolution
		Debug|Any CPU = Debug|Any CPU
		Release|Any CPU = Release|Any CPU
	EndGlobalSection
	GlobalSection(ProjectConfigurationPlatforms) = postSolution
		{B7A4B038-30A2-4E45-8ACB-397DBAB66906}.Debug|Any CPU.ActiveCfg = Debug|Any CPU
		{B7A4B038-30A2-4E45-8ACB-397DBAB66906}.Debug|Any CPU.Build.0 = Debug|Any CPU
		{B7A4B038-30A2-4E45-8ACB-397DBAB66906}.Release|Any CPU.ActiveCfg = Release|Any CPU
		{B7A4B038-30A2-4E45-8ACB-397DBAB66906}.Release|Any CPU.Build.0 = Release|Any CPU
	EndGlobalSection
	GlobalSection(SolutionProperties) = preSolution
		HideSolutionNode = FALSE
	EndGlobalSection
	GlobalSection(ExtensibilityGlobals) = postSolution
		SolutionGuid = {CF914DEF-3B50-4606-B90B-3233D4E83F5E}
	EndGlobalSection
EndGlobal
