
Microsoft Visual Studio Solution File, Format Version 12.00
# Visual Studio Version 17
VisualStudioVersion = 17.6.33829.357
MinimumVisualStudioVersion = 10.0.40219.1
Project("{FAE04EC0-301F-11D3-BF4B-00C04F79EFBC}") = "01_程序结构", "01_程序结构\01_程序结构.csproj", "{2B3D0E34-82F0-45B5-9ECB-FF5A9FED9574}"
EndProject
Global
	GlobalSection(SolutionConfigurationPlatforms) = preSolution
		Debug|Any CPU = Debug|Any CPU
		Release|Any CPU = Release|Any CPU
	EndGlobalSection
	GlobalSection(ProjectConfigurationPlatforms) = postSolution
		{2B3D0E34-82F0-45B5-9ECB-FF5A9FED9574}.Debug|Any CPU.ActiveCfg = Debug|Any CPU
		{2B3D0E34-82F0-45B5-9ECB-FF5A9FED9574}.Debug|Any CPU.Build.0 = Debug|Any CPU
		{2B3D0E34-82F0-45B5-9ECB-FF5A9FED9574}.Release|Any CPU.ActiveCfg = Release|Any CPU
		{2B3D0E34-82F0-45B5-9ECB-FF5A9FED9574}.Release|Any CPU.Build.0 = Release|Any CPU
	EndGlobalSection
	GlobalSection(SolutionProperties) = preSolution
		HideSolutionNode = FALSE
	EndGlobalSection
	GlobalSection(ExtensibilityGlobals) = postSolution
		SolutionGuid = {D00F0642-025C-44C0-B4DE-70AA2DC649A0}
	EndGlobalSection
EndGlobal
