
Microsoft Visual Studio Solution File, Format Version 12.00
# Visual Studio Version 17
VisualStudioVersion = 17.6.33829.357
MinimumVisualStudioVersion = 10.0.40219.1
Project("{FAE04EC0-301F-11D3-BF4B-00C04F79EFBC}") = "03_数据类型", "03_数据类型.csproj", "{C696EA39-C96D-4276-AD89-B92AA8DD09E2}"
EndProject
Global
	GlobalSection(SolutionConfigurationPlatforms) = preSolution
		Debug|Any CPU = Debug|Any CPU
		Release|Any CPU = Release|Any CPU
	EndGlobalSection
	GlobalSection(ProjectConfigurationPlatforms) = postSolution
		{C696EA39-C96D-4276-AD89-B92AA8DD09E2}.Debug|Any CPU.ActiveCfg = Debug|Any CPU
		{C696EA39-C96D-4276-AD89-B92AA8DD09E2}.Debug|Any CPU.Build.0 = Debug|Any CPU
		{C696EA39-C96D-4276-AD89-B92AA8DD09E2}.Release|Any CPU.ActiveCfg = Release|Any CPU
		{C696EA39-C96D-4276-AD89-B92AA8DD09E2}.Release|Any CPU.Build.0 = Release|Any CPU
	EndGlobalSection
	GlobalSection(SolutionProperties) = preSolution
		HideSolutionNode = FALSE
	EndGlobalSection
	GlobalSection(ExtensibilityGlobals) = postSolution
		SolutionGuid = {59EA9CF9-A407-4803-A545-0977C2B633FA}
	EndGlobalSection
EndGlobal
