
Microsoft Visual Studio Solution File, Format Version 12.00
# Visual Studio Version 17
VisualStudioVersion = 17.6.33829.357
MinimumVisualStudioVersion = 10.0.40219.1
Project("{FAE04EC0-301F-11D3-BF4B-00C04F79EFBC}") = "05_变量", "05_变量\05_变量.csproj", "{DD6B725D-2032-45E5-9134-1DA99509D32D}"
EndProject
Global
	GlobalSection(SolutionConfigurationPlatforms) = preSolution
		Debug|Any CPU = Debug|Any CPU
		Release|Any CPU = Release|Any CPU
	EndGlobalSection
	GlobalSection(ProjectConfigurationPlatforms) = postSolution
		{DD6B725D-2032-45E5-9134-1DA99509D32D}.Debug|Any CPU.ActiveCfg = Debug|Any CPU
		{DD6B725D-2032-45E5-9134-1DA99509D32D}.Debug|Any CPU.Build.0 = Debug|Any CPU
		{DD6B725D-2032-45E5-9134-1DA99509D32D}.Release|Any CPU.ActiveCfg = Release|Any CPU
		{DD6B725D-2032-45E5-9134-1DA99509D32D}.Release|Any CPU.Build.0 = Release|Any CPU
	EndGlobalSection
	GlobalSection(SolutionProperties) = preSolution
		HideSolutionNode = FALSE
	EndGlobalSection
	GlobalSection(ExtensibilityGlobals) = postSolution
		SolutionGuid = {A845339C-ADC1-4E91-AEFA-451B01311675}
	EndGlobalSection
EndGlobal
