
Microsoft Visual Studio Solution File, Format Version 12.00
# Visual Studio Version 17
VisualStudioVersion = 17.6.33829.357
MinimumVisualStudioVersion = 10.0.40219.1
Project("{FAE04EC0-301F-11D3-BF4B-00C04F79EFBC}") = "13_数组", "13_数组\13_数组.csproj", "{2F60EDF7-20A4-4A4D-8CD3-2AFF2E52DBE7}"
EndProject
Global
	GlobalSection(SolutionConfigurationPlatforms) = preSolution
		Debug|Any CPU = Debug|Any CPU
		Release|Any CPU = Release|Any CPU
	EndGlobalSection
	GlobalSection(ProjectConfigurationPlatforms) = postSolution
		{2F60EDF7-20A4-4A4D-8CD3-2AFF2E52DBE7}.Debug|Any CPU.ActiveCfg = Debug|Any CPU
		{2F60EDF7-20A4-4A4D-8CD3-2AFF2E52DBE7}.Debug|Any CPU.Build.0 = Debug|Any CPU
		{2F60EDF7-20A4-4A4D-8CD3-2AFF2E52DBE7}.Release|Any CPU.ActiveCfg = Release|Any CPU
		{2F60EDF7-20A4-4A4D-8CD3-2AFF2E52DBE7}.Release|Any CPU.Build.0 = Release|Any CPU
	EndGlobalSection
	GlobalSection(SolutionProperties) = preSolution
		HideSolutionNode = FALSE
	EndGlobalSection
	GlobalSection(ExtensibilityGlobals) = postSolution
		SolutionGuid = {B23EB8B2-DB58-42C5-847B-1781201B788F}
	EndGlobalSection
EndGlobal
